// !$*UTF8*$!
{
	archiveVersion = 1;
	classes = {
	};
	objectVersion = 54;
	objects = {

/* Begin PBXBuildFile section */
		A8B4EB67254F8F12005D342E /* AppDelegate.swift in Sources */ = {isa = PBXBuildFile; fileRef = A8B4EB66254F8F12005D342E /* AppDelegate.swift */; };
		A8B4EB69254F8F12005D342E /* SceneDelegate.swift in Sources */ = {isa = PBXBuildFile; fileRef = A8B4EB68254F8F12005D342E /* SceneDelegate.swift */; };
		A8B4EB6B254F8F12005D342E /* ViewController.swift in Sources */ = {isa = PBXBuildFile; fileRef = A8B4EB6A254F8F12005D342E /* ViewController.swift */; };
		A8B4EB6E254F8F12005D342E /* Main.storyboard in Resources */ = {isa = PBXBuildFile; fileRef = A8B4EB6C254F8F12005D342E /* Main.storyboard */; };
		A8B4EB70254F8F13005D342E /* Assets.xcassets in Resources */ = {isa = PBXBuildFile; fileRef = A8B4EB6F254F8F13005D342E /* Assets.xcassets */; };
		A8B4EB73254F8F13005D342E /* LaunchScreen.storyboard in Resources */ = {isa = PBXBuildFile; fileRef = A8B4EB71254F8F13005D342E /* LaunchScreen.storyboard */; };
		A8B4EB7C254F9277005D342E /* QRScannerController.swift in Sources */ = {isa = PBXBuildFile; fileRef = A8B4EB7B254F9277005D342E /* QRScannerController.swift */; };
		A8B4EB7F254F94DD005D342E /* MeetingRoomInformationController.swift in Sources */ = {isa = PBXBuildFile; fileRef = A8B4EB7E254F94DD005D342E /* MeetingRoomInformationController.swift */; };
		A8EF9D92254FEE2A0091EF38 /* MeetingStutsForm.swift in Sources */ = {isa = PBXBuildFile; fileRef = A8EF9D91254FEE2A0091EF38 /* MeetingStutsForm.swift */; };
		A8F92F6B254FD6E700DB7E60 /* meetingMenberInformation.swift in Sources */ = {isa = PBXBuildFile; fileRef = A8F92F6A254FD6E700DB7E60 /* meetingMenberInformation.swift */; };
/* End PBXBuildFile section */

/* Begin PBXFileReference section */
		A8B4EB63254F8F12005D342E /* DASSAI_AR.app */ = {isa = PBXFileReference; explicitFileType = wrapper.application; includeInIndex = 0; path = DASSAI_AR.app; sourceTree = BUILT_PRODUCTS_DIR; };
		A8B4EB66254F8F12005D342E /* AppDelegate.swift */ = {isa = PBXFileReference; lastKnownFileType = sourcecode.swift; path = AppDelegate.swift; sourceTree = "<group>"; };
		A8B4EB68254F8F12005D342E /* SceneDelegate.swift */ = {isa = PBXFileReference; lastKnownFileType = sourcecode.swift; path = SceneDelegate.swift; sourceTree = "<group>"; };
		A8B4EB6A254F8F12005D342E /* ViewController.swift */ = {isa = PBXFileReference; lastKnownFileType = sourcecode.swift; path = ViewController.swift; sourceTree = "<group>"; };
		A8B4EB6D254F8F12005D342E /* Base */ = {isa = PBXFileReference; lastKnownFileType = file.storyboard; name = Base; path = Base.lproj/Main.storyboard; sourceTree = "<group>"; };
		A8B4EB6F254F8F13005D342E /* Assets.xcassets */ = {isa = PBXFileReference; lastKnownFileType = folder.assetcatalog; path = Assets.xcassets; sourceTree = "<group>"; };
		A8B4EB72254F8F13005D342E /* Base */ = {isa = PBXFileReference; lastKnownFileType = file.storyboard; name = Base; path = Base.lproj/LaunchScreen.storyboard; sourceTree = "<group>"; };
		A8B4EB74254F8F13005D342E /* Info.plist */ = {isa = PBXFileReference; lastKnownFileType = text.plist.xml; path = Info.plist; sourceTree = "<group>"; };
		A8B4EB7B254F9277005D342E /* QRScannerController.swift */ = {isa = PBXFileReference; lastKnownFileType = sourcecode.swift; path = QRScannerController.swift; sourceTree = "<group>"; };
		A8B4EB7E254F94DD005D342E /* MeetingRoomInformationController.swift */ = {isa = PBXFileReference; lastKnownFileType = sourcecode.swift; path = MeetingRoomInformationController.swift; sourceTree = "<group>"; };
		A8EF9D91254FEE2A0091EF38 /* MeetingStutsForm.swift */ = {isa = PBXFileReference; lastKnownFileType = sourcecode.swift; path = MeetingStutsForm.swift; sourceTree = "<group>"; };
		A8F92F6A254FD6E700DB7E60 /* meetingMenberInformation.swift */ = {isa = PBXFileReference; lastKnownFileType = sourcecode.swift; path = meetingMenberInformation.swift; sourceTree = "<group>"; };
/* End PBXFileReference section */

/* Begin PBXFrameworksBuildPhase section */
		A8B4EB60254F8F12005D342E /* Frameworks */ = {
			isa = PBXFrameworksBuildPhase;
			buildActionMask = 2147483647;
			files = (
			);
			runOnlyForDeploymentPostprocessing = 0;
		};
/* End PBXFrameworksBuildPhase section */

/* Begin PBXGroup section */
		A8B4EB5A254F8F12005D342E = {
			isa = PBXGroup;
			children = (
				A8B4EB65254F8F12005D342E /* DASSAI_AR */,
				A8B4EB64254F8F12005D342E /* Products */,
			);
			sourceTree = "<group>";
		};
		A8B4EB64254F8F12005D342E /* Products */ = {
			isa = PBXGroup;
			children = (
				A8B4EB63254F8F12005D342E /* DASSAI_AR.app */,
			);
			name = Products;
			sourceTree = "<group>";
		};
		A8B4EB65254F8F12005D342E /* DASSAI_AR */ = {
			isa = PBXGroup;
			children = (
				A8B4EB66254F8F12005D342E /* AppDelegate.swift */,
				A8B4EB68254F8F12005D342E /* SceneDelegate.swift */,
				A8B4EB6A254F8F12005D342E /* ViewController.swift */,
				A8B4EB6C254F8F12005D342E /* Main.storyboard */,
				A8B4EB6F254F8F13005D342E /* Assets.xcassets */,
				A8B4EB7B254F9277005D342E /* QRScannerController.swift */,
				A8B4EB7E254F94DD005D342E /* MeetingRoomInformationController.swift */,
				A8F92F6A254FD6E700DB7E60 /* meetingMenberInformation.swift */,
				A8B4EB71254F8F13005D342E /* LaunchScreen.storyboard */,
				A8EF9D91254FEE2A0091EF38 /* MeetingStutsForm.swift */,
				A8B4EB74254F8F13005D342E /* Info.plist */,
			);
			path = DASSAI_AR;
			sourceTree = "<group>";
		};
/* End PBXGroup section */

/* Begin PBXNativeTarget section */
		A8B4EB62254F8F12005D342E /* DASSAI_AR */ = {
			isa = PBXNativeTarget;
			buildConfigurationList = A8B4EB77254F8F13005D342E /* Build configuration list for PBXNativeTarget "DASSAI_AR" */;
			buildPhases = (
				A8B4EB5F254F8F12005D342E /* Sources */,
				A8B4EB60254F8F12005D342E /* Frameworks */,
				A8B4EB61254F8F12005D342E /* Resources */,
			);
			buildRules = (
			);
			dependencies = (
			);
			name = DASSAI_AR;
			productName = DASSAI_AR;
			productReference = A8B4EB63254F8F12005D342E /* DASSAI_AR.app */;
			productType = "com.apple.product-type.application";
		};
/* End PBXNativeTarget section */

/* Begin PBXProject section */
		A8B4EB5B254F8F12005D342E /* Project object */ = {
			isa = PBXProject;
			attributes = {
				LastSwiftUpdateCheck = 1200;
				LastUpgradeCheck = 1200;
				TargetAttributes = {
					A8B4EB62254F8F12005D342E = {
						CreatedOnToolsVersion = 12.0.1;
					};
				};
			};
			buildConfigurationList = A8B4EB5E254F8F12005D342E /* Build configuration list for PBXProject "DASSAI_AR" */;
			compatibilityVersion = "Xcode 12.0";
			developmentRegion = en;
			hasScannedForEncodings = 0;
			knownRegions = (
				en,
				Base,
			);
			mainGroup = A8B4EB5A254F8F12005D342E;
			productRefGroup = A8B4EB64254F8F12005D342E /* Products */;
			projectDirPath = "";
			projectRoot = "";
			targets = (
				A8B4EB62254F8F12005D342E /* DASSAI_AR */,
			);
		};
/* End PBXProject section */

/* Begin PBXResourcesBuildPhase section */
		A8B4EB61254F8F12005D342E /* Resources */ = {
			isa = PBXResourcesBuildPhase;
			buildActionMask = 2147483647;
			files = (
				A8B4EB73254F8F13005D342E /* LaunchScreen.storyboard in Resources */,
				A8B4EB70254F8F13005D342E /* Assets.xcassets in Resources */,
				A8B4EB6E254F8F12005D342E /* Main.storyboard in Resources */,
			);
			runOnlyForDeploymentPostprocessing = 0;
		};
/* End PBXResourcesBuildPhase section */

/* Begin PBXSourcesBuildPhase section */
		A8B4EB5F254F8F12005D342E /* Sources */ = {
			isa = PBXSourcesBuildPhase;
			buildActionMask = 2147483647;
			files = (
				A8B4EB6B254F8F12005D342E /* ViewController.swift in Sources */,
				A8EF9D92254FEE2A0091EF38 /* MeetingStutsForm.swift in Sources */,
				A8B4EB7F254F94DD005D342E /* MeetingRoomInformationController.swift in Sources */,
				A8B4EB7C254F9277005D342E /* QRScannerController.swift in Sources */,
				A8B4EB67254F8F12005D342E /* AppDelegate.swift in Sources */,
				A8B4EB69254F8F12005D342E /* SceneDelegate.swift in Sources */,
				A8F92F6B254FD6E700DB7E60 /* meetingMenberInformation.swift in Sources */,
			);
			runOnlyForDeploymentPostprocessing = 0;
		};
/* End PBXSourcesBuildPhase section */

/* Begin PBXVariantGroup section */
		A8B4EB6C254F8F12005D342E /* Main.storyboard */ = {
			isa = PBXVariantGroup;
			children = (
				A8B4EB6D254F8F12005D342E /* Base */,
			);
			name = Main.storyboard;
			sourceTree = "<group>";
		};
		A8B4EB71254F8F13005D342E /* LaunchScreen.storyboard */ = {
			isa = PBXVariantGroup;
			children = (
				A8B4EB72254F8F13005D342E /* Base */,
			);
			name = LaunchScreen.storyboard;
			sourceTree = "<group>";
		};
/* End PBXVariantGroup section */

/* Begin XCBuildConfiguration section */
		A8B4EB75254F8F13005D342E /* Debug */ = {
			isa = XCBuildConfiguration;
			buildSettings = {
				ALWAYS_SEARCH_USER_PATHS = NO;
				CLANG_ANALYZER_NONNULL = YES;
				CLANG_ANALYZER_NUMBER_OBJECT_CONVERSION = YES_AGGRESSIVE;
				CLANG_CXX_LANGUAGE_STANDARD = "gnu++14";
				CLANG_CXX_LIBRARY = "libc++";
				CLANG_ENABLE_MODULES = YES;
				CLANG_ENABLE_OBJC_ARC = YES;
				CLANG_ENABLE_OBJC_WEAK = YES;
				CLANG_WARN_BLOCK_CAPTURE_AUTORELEASING = YES;
				CLANG_WARN_BOOL_CONVERSION = YES;
				CLANG_WARN_COMMA = YES;
				CLANG_WARN_CONSTANT_CONVERSION = YES;
				CLANG_WARN_DEPRECATED_OBJC_IMPLEMENTATIONS = YES;
				CLANG_WARN_DIRECT_OBJC_ISA_USAGE = YES_ERROR;
				CLANG_WARN_DOCUMENTATION_COMMENTS = YES;
				CLANG_WARN_EMPTY_BODY = YES;
				CLANG_WARN_ENUM_CONVERSION = YES;
				CLANG_WARN_INFINITE_RECURSION = YES;
				CLANG_WARN_INT_CONVERSION = YES;
				CLANG_WARN_NON_LITERAL_NULL_CONVERSION = YES;
				CLANG_WARN_OBJC_IMPLICIT_RETAIN_SELF = YES;
				CLANG_WARN_OBJC_LITERAL_CONVERSION = YES;
				CLANG_WARN_OBJC_ROOT_CLASS = YES_ERROR;
				CLANG_WARN_QUOTED_INCLUDE_IN_FRAMEWORK_HEADER = YES;
				CLANG_WARN_RANGE_LOOP_ANALYSIS = YES;
				CLANG_WARN_STRICT_PROTOTYPES = YES;
				CLANG_WARN_SUSPICIOUS_MOVE = YES;
				CLANG_WARN_UNGUARDED_AVAILABILITY = YES_AGGRESSIVE;
				CLANG_WARN_UNREACHABLE_CODE = YES;
				CLANG_WARN__DUPLICATE_METHOD_MATCH = YES;
				COPY_PHASE_STRIP = NO;
				DEBUG_INFORMATION_FORMAT = dwarf;
				ENABLE_STRICT_OBJC_MSGSEND = YES;
				ENABLE_TESTABILITY = YES;
				GCC_C_LANGUAGE_STANDARD = gnu11;
				GCC_DYNAMIC_NO_PIC = NO;
				GCC_NO_COMMON_BLOCKS = YES;
				GCC_OPTIMIZATION_LEVEL = 0;
				GCC_PREPROCESSOR_DEFINITIONS = (
					"DEBUG=1",
					"$(inherited)",
				);
				GCC_WARN_64_TO_32_BIT_CONVERSION = YES;
				GCC_WARN_ABOUT_RETURN_TYPE = YES_ERROR;
				GCC_WARN_UNDECLARED_SELECTOR = YES;
				GCC_WARN_UNINITIALIZED_AUTOS = YES_AGGRESSIVE;
				GCC_WARN_UNUSED_FUNCTION = YES;
				GCC_WARN_UNUSED_VARIABLE = YES;
				IPHONEOS_DEPLOYMENT_TARGET = 14.0;
				MTL_ENABLE_DEBUG_INFO = INCLUDE_SOURCE;
				MTL_FAST_MATH = YES;
				ONLY_ACTIVE_ARCH = YES;
				SDKROOT = iphoneos;
				SWIFT_ACTIVE_COMPILATION_CONDITIONS = DEBUG;
				SWIFT_OPTIMIZATION_LEVEL = "-Onone";
			};
			name = Debug;
		};
		A8B4EB76254F8F13005D342E /* Release */ = {
			isa = XCBuildConfiguration;
			buildSettings = {
				ALWAYS_SEARCH_USER_PATHS = NO;
				CLANG_ANALYZER_NONNULL = YES;
				CLANG_ANALYZER_NUMBER_OBJECT_CONVERSION = YES_AGGRESSIVE;
				CLANG_CXX_LANGUAGE_STANDARD = "gnu++14";
				CLANG_CXX_LIBRARY = "libc++";
				CLANG_ENABLE_MODULES = YES;
				CLANG_ENABLE_OBJC_ARC = YES;
				CLANG_ENABLE_OBJC_WEAK = YES;
				CLANG_WARN_BLOCK_CAPTURE_AUTORELEASING = YES;
				CLANG_WARN_BOOL_CONVERSION = YES;
				CLANG_WARN_COMMA = YES;
				CLANG_WARN_CONSTANT_CONVERSION = YES;
				CLANG_WARN_DEPRECATED_OBJC_IMPLEMENTATIONS = YES;
				CLANG_WARN_DIRECT_OBJC_ISA_USAGE = YES_ERROR;
				CLANG_WARN_DOCUMENTATION_COMMENTS = YES;
				CLANG_WARN_EMPTY_BODY = YES;
				CLANG_WARN_ENUM_CONVERSION = YES;
				CLANG_WARN_INFINITE_RECURSION = YES;
				CLANG_WARN_INT_CONVERSION = YES;
				CLANG_WARN_NON_LITERAL_NULL_CONVERSION = YES;
				CLANG_WARN_OBJC_IMPLICIT_RETAIN_SELF = YES;
				CLANG_WARN_OBJC_LITERAL_CONVERSION = YES;
				CLANG_WARN_OBJC_ROOT_CLASS = YES_ERROR;
				CLANG_WARN_QUOTED_INCLUDE_IN_FRAMEWORK_HEADER = YES;
				CLANG_WARN_RANGE_LOOP_ANALYSIS = YES;
				CLANG_WARN_STRICT_PROTOTYPES = YES;
				CLANG_WARN_SUSPICIOUS_MOVE = YES;
				CLANG_WARN_UNGUARDED_AVAILABILITY = YES_AGGRESSIVE;
				CLANG_WARN_UNREACHABLE_CODE = YES;
				CLANG_WARN__DUPLICATE_METHOD_MATCH = YES;
				COPY_PHASE_STRIP = NO;
				DEBUG_INFORMATION_FORMAT = "dwarf-with-dsym";
				ENABLE_NS_ASSERTIONS = NO;
				ENABLE_STRICT_OBJC_MSGSEND = YES;
				GCC_C_LANGUAGE_STANDARD = gnu11;
				GCC_NO_COMMON_BLOCKS = YES;
				GCC_WARN_64_TO_32_BIT_CONVERSION = YES;
				GCC_WARN_ABOUT_RETURN_TYPE = YES_ERROR;
				GCC_WARN_UNDECLARED_SELECTOR = YES;
				GCC_WARN_UNINITIALIZED_AUTOS = YES_AGGRESSIVE;
				GCC_WARN_UNUSED_FUNCTION = YES;
				GCC_WARN_UNUSED_VARIABLE = YES;
				IPHONEOS_DEPLOYMENT_TARGET = 14.0;
				MTL_ENABLE_DEBUG_INFO = NO;
				MTL_FAST_MATH = YES;
				SDKROOT = iphoneos;
				SWIFT_COMPILATION_MODE = wholemodule;
				SWIFT_OPTIMIZATION_LEVEL = "-O";
				VALIDATE_PRODUCT = YES;
			};
			name = Release;
		};
		A8B4EB78254F8F13005D342E /* Debug */ = {
			isa = XCBuildConfiguration;
			buildSettings = {
				ASSETCATALOG_COMPILER_APPICON_NAME = AppIcon;
				ASSETCATALOG_COMPILER_GLOBAL_ACCENT_COLOR_NAME = AccentColor;
				CODE_SIGN_STYLE = Automatic;
				DEVELOPMENT_TEAM = 474PP9UHKC;
				INFOPLIST_FILE = DASSAI_AR/Info.plist;
				LD_RUNPATH_SEARCH_PATHS = (
					"$(inherited)",
					"@executable_path/Frameworks",
				);
				PRODUCT_BUNDLE_IDENTIFIER = "com.DASSAI-AR";
				PRODUCT_NAME = "$(TARGET_NAME)";
				SWIFT_VERSION = 5.0;
				TARGETED_DEVICE_FAMILY = "1,2";
			};
			name = Debug;
		};
		A8B4EB79254F8F13005D342E /* Release */ = {
			isa = XCBuildConfiguration;
			buildSettings = {
				ASSETCATALOG_COMPILER_APPICON_NAME = AppIcon;
				ASSETCATALOG_COMPILER_GLOBAL_ACCENT_COLOR_NAME = AccentColor;
				CODE_SIGN_STYLE = Automatic;
				DEVELOPMENT_TEAM = 474PP9UHKC;
				INFOPLIST_FILE = DASSAI_AR/Info.plist;
				LD_RUNPATH_SEARCH_PATHS = (
					"$(inherited)",
					"@executable_path/Frameworks",
				);
				PRODUCT_BUNDLE_IDENTIFIER = "com.DASSAI-AR";
				PRODUCT_NAME = "$(TARGET_NAME)";
				SWIFT_VERSION = 5.0;
				TARGETED_DEVICE_FAMILY = "1,2";
			};
			name = Release;
		};
/* End XCBuildConfiguration section */

/* Begin XCConfigurationList section */
		A8B4EB5E254F8F12005D342E /* Build configuration list for PBXProject "DASSAI_AR" */ = {
			isa = XCConfigurationList;
			buildConfigurations = (
				A8B4EB75254F8F13005D342E /* Debug */,
				A8B4EB76254F8F13005D342E /* Release */,
			);
			defaultConfigurationIsVisible = 0;
			defaultConfigurationName = Release;
		};
		A8B4EB77254F8F13005D342E /* Build configuration list for PBXNativeTarget "DASSAI_AR" */ = {
			isa = XCConfigurationList;
			buildConfigurations = (
				A8B4EB78254F8F13005D342E /* Debug */,
				A8B4EB79254F8F13005D342E /* Release */,
			);
			defaultConfigurationIsVisible = 0;
			defaultConfigurationName = Release;
		};
/* End XCConfigurationList section */
	};
	rootObject = A8B4EB5B254F8F12005D342E /* Project object */;
}
